
Microsoft Visual Studio Solution File, Format Version 12.00
Project("{FAE04EC0-301F-11D3-BF4B-00C04F79EFBC}") = "D1-1", "D1-1\D1-1.csproj", "{E4814D34-E704-45A1-B6B7-62F0F4D15093}"
EndProject
Project("{FAE04EC0-301F-11D3-BF4B-00C04F79EFBC}") = "D2", "D2\D2.csproj", "{F3D07C1D-BA08-4B12-ACC2-B308D913C673}"
EndProject
Project("{FAE04EC0-301F-11D3-BF4B-00C04F79EFBC}") = "D3", "D3\D3.csproj", "{AC425C35-FDD1-45F1-98CA-D767A0905591}"
EndProject
Project("{FAE04EC0-301F-11D3-BF4B-00C04F79EFBC}") = "D4", "D4\D4.csproj", "{301CE945-E3B9-4EBE-8A55-256FD13F4E92}"
EndProject
Project("{FAE04EC0-301F-11D3-BF4B-00C04F79EFBC}") = "D5", "D5\D5.csproj", "{58C892DD-F75A-468C-80CD-FFC8A56D4E7D}"
EndProject
Project("{FAE04EC0-301F-11D3-BF4B-00C04F79EFBC}") = "D6", "D6\D6.csproj", "{405E8124-1620-47F5-87E9-0BC88CA95596}"
EndProject
Project("{FAE04EC0-301F-11D3-BF4B-00C04F79EFBC}") = "D7", "D7\D7.csproj", "{B02607F3-A431-46E7-83B2-8B06571DDD91}"
EndProject
Project("{FAE04EC0-301F-11D3-BF4B-00C04F79EFBC}") = "D8", "D8\D8.csproj", "{91EDF137-C36D-4E60-8D59-838E661ED493}"
EndProject
Global
	GlobalSection(SolutionConfigurationPlatforms) = preSolution
		Debug|Any CPU = Debug|Any CPU
		Release|Any CPU = Release|Any CPU
	EndGlobalSection
	GlobalSection(ProjectConfigurationPlatforms) = postSolution
		{E4814D34-E704-45A1-B6B7-62F0F4D15093}.Debug|Any CPU.ActiveCfg = Debug|Any CPU
		{E4814D34-E704-45A1-B6B7-62F0F4D15093}.Debug|Any CPU.Build.0 = Debug|Any CPU
		{E4814D34-E704-45A1-B6B7-62F0F4D15093}.Release|Any CPU.ActiveCfg = Release|Any CPU
		{E4814D34-E704-45A1-B6B7-62F0F4D15093}.Release|Any CPU.Build.0 = Release|Any CPU
		{F3D07C1D-BA08-4B12-ACC2-B308D913C673}.Debug|Any CPU.ActiveCfg = Debug|Any CPU
		{F3D07C1D-BA08-4B12-ACC2-B308D913C673}.Debug|Any CPU.Build.0 = Debug|Any CPU
		{F3D07C1D-BA08-4B12-ACC2-B308D913C673}.Release|Any CPU.ActiveCfg = Release|Any CPU
		{F3D07C1D-BA08-4B12-ACC2-B308D913C673}.Release|Any CPU.Build.0 = Release|Any CPU
		{AC425C35-FDD1-45F1-98CA-D767A0905591}.Debug|Any CPU.ActiveCfg = Debug|Any CPU
		{AC425C35-FDD1-45F1-98CA-D767A0905591}.Debug|Any CPU.Build.0 = Debug|Any CPU
		{AC425C35-FDD1-45F1-98CA-D767A0905591}.Release|Any CPU.ActiveCfg = Release|Any CPU
		{AC425C35-FDD1-45F1-98CA-D767A0905591}.Release|Any CPU.Build.0 = Release|Any CPU
		{301CE945-E3B9-4EBE-8A55-256FD13F4E92}.Debug|Any CPU.ActiveCfg = Debug|Any CPU
		{301CE945-E3B9-4EBE-8A55-256FD13F4E92}.Debug|Any CPU.Build.0 = Debug|Any CPU
		{301CE945-E3B9-4EBE-8A55-256FD13F4E92}.Release|Any CPU.ActiveCfg = Release|Any CPU
		{301CE945-E3B9-4EBE-8A55-256FD13F4E92}.Release|Any CPU.Build.0 = Release|Any CPU
		{58C892DD-F75A-468C-80CD-FFC8A56D4E7D}.Debug|Any CPU.ActiveCfg = Debug|Any CPU
		{58C892DD-F75A-468C-80CD-FFC8A56D4E7D}.Debug|Any CPU.Build.0 = Debug|Any CPU
		{58C892DD-F75A-468C-80CD-FFC8A56D4E7D}.Release|Any CPU.ActiveCfg = Release|Any CPU
		{58C892DD-F75A-468C-80CD-FFC8A56D4E7D}.Release|Any CPU.Build.0 = Release|Any CPU
		{405E8124-1620-47F5-87E9-0BC88CA95596}.Debug|Any CPU.ActiveCfg = Debug|Any CPU
		{405E8124-1620-47F5-87E9-0BC88CA95596}.Debug|Any CPU.Build.0 = Debug|Any CPU
		{405E8124-1620-47F5-87E9-0BC88CA95596}.Release|Any CPU.ActiveCfg = Release|Any CPU
		{405E8124-1620-47F5-87E9-0BC88CA95596}.Release|Any CPU.Build.0 = Release|Any CPU
		{B02607F3-A431-46E7-83B2-8B06571DDD91}.Debug|Any CPU.ActiveCfg = Debug|Any CPU
		{B02607F3-A431-46E7-83B2-8B06571DDD91}.Debug|Any CPU.Build.0 = Debug|Any CPU
		{B02607F3-A431-46E7-83B2-8B06571DDD91}.Release|Any CPU.ActiveCfg = Release|Any CPU
		{B02607F3-A431-46E7-83B2-8B06571DDD91}.Release|Any CPU.Build.0 = Release|Any CPU
		{91EDF137-C36D-4E60-8D59-838E661ED493}.Debug|Any CPU.ActiveCfg = Debug|Any CPU
		{91EDF137-C36D-4E60-8D59-838E661ED493}.Debug|Any CPU.Build.0 = Debug|Any CPU
		{91EDF137-C36D-4E60-8D59-838E661ED493}.Release|Any CPU.ActiveCfg = Release|Any CPU
		{91EDF137-C36D-4E60-8D59-838E661ED493}.Release|Any CPU.Build.0 = Release|Any CPU
	EndGlobalSection
EndGlobal
